
Microsoft Visual Studio Solution File, Format Version 12.00
# Visual Studio Version 17
VisualStudioVersion = 17.12.35527.113 d17.12
MinimumVisualStudioVersion = 10.0.40219.1
Project("{FAE04EC0-301F-11D3-BF4B-00C04F79EFBC}") = "LibraryApi", "LibraryApi.csproj", "{E204A75B-F423-44A0-9D75-39518BE4E417}"
EndProject
Project("{FAE04EC0-301F-11D3-BF4B-00C04F79EFBC}") = "LibraryCore", "..\LibraryCore\LibraryCore.csproj", "{C4196AAB-20E2-4584-957A-26852AFF5981}"
EndProject
Project("{FAE04EC0-301F-11D3-BF4B-00C04F79EFBC}") = "LibraryDataAccess", "..\LibraryDataAccess\LibraryDataAccess.csproj", "{20567401-3606-41B9-BEF7-0A26816C2940}"
EndProject
Project("{FAE04EC0-301F-11D3-BF4B-00C04F79EFBC}") = "LibraryService", "..\LibraryService\LibraryService.csproj", "{F079769E-2B69-4B12-8E60-0741AA8364DF}"
EndProject
Global
	GlobalSection(SolutionConfigurationPlatforms) = preSolution
		Debug|Any CPU = Debug|Any CPU
		Release|Any CPU = Release|Any CPU
	EndGlobalSection
	GlobalSection(ProjectConfigurationPlatforms) = postSolution
		{E204A75B-F423-44A0-9D75-39518BE4E417}.Debug|Any CPU.ActiveCfg = Debug|Any CPU
		{E204A75B-F423-44A0-9D75-39518BE4E417}.Debug|Any CPU.Build.0 = Debug|Any CPU
		{E204A75B-F423-44A0-9D75-39518BE4E417}.Release|Any CPU.ActiveCfg = Release|Any CPU
		{E204A75B-F423-44A0-9D75-39518BE4E417}.Release|Any CPU.Build.0 = Release|Any CPU
		{C4196AAB-20E2-4584-957A-26852AFF5981}.Debug|Any CPU.ActiveCfg = Debug|Any CPU
		{C4196AAB-20E2-4584-957A-26852AFF5981}.Debug|Any CPU.Build.0 = Debug|Any CPU
		{C4196AAB-20E2-4584-957A-26852AFF5981}.Release|Any CPU.ActiveCfg = Release|Any CPU
		{C4196AAB-20E2-4584-957A-26852AFF5981}.Release|Any CPU.Build.0 = Release|Any CPU
		{20567401-3606-41B9-BEF7-0A26816C2940}.Debug|Any CPU.ActiveCfg = Debug|Any CPU
		{20567401-3606-41B9-BEF7-0A26816C2940}.Debug|Any CPU.Build.0 = Debug|Any CPU
		{20567401-3606-41B9-BEF7-0A26816C2940}.Release|Any CPU.ActiveCfg = Release|Any CPU
		{20567401-3606-41B9-BEF7-0A26816C2940}.Release|Any CPU.Build.0 = Release|Any CPU
		{F079769E-2B69-4B12-8E60-0741AA8364DF}.Debug|Any CPU.ActiveCfg = Debug|Any CPU
		{F079769E-2B69-4B12-8E60-0741AA8364DF}.Debug|Any CPU.Build.0 = Debug|Any CPU
		{F079769E-2B69-4B12-8E60-0741AA8364DF}.Release|Any CPU.ActiveCfg = Release|Any CPU
		{F079769E-2B69-4B12-8E60-0741AA8364DF}.Release|Any CPU.Build.0 = Release|Any CPU
	EndGlobalSection
	GlobalSection(SolutionProperties) = preSolution
		HideSolutionNode = FALSE
	EndGlobalSection
EndGlobal
